
Microsoft Visual Studio Solution File, Format Version 12.00
# Visual Studio Version 17
VisualStudioVersion = 17.1.32319.34
MinimumVisualStudioVersion = 10.0.40219.1
Project("{9A19103F-16F7-4668-BE54-9A1E7A4F7556}") = "WebApiLab", "WebApiLab\WebApiLab.csproj", "{A28ED02D-72FE-4460-BAB9-BE5250F1013A}"
EndProject
Project("{FAE04EC0-301F-11D3-BF4B-00C04F79EFBC}") = "MvcClientApp", "MvcClientApp\MvcClientApp.csproj", "{D1580650-66B0-4B3F-8050-9922D3E5F41B}"
EndProject
Global
	GlobalSection(SolutionConfigurationPlatforms) = preSolution
		Debug|Any CPU = Debug|Any CPU
		Release|Any CPU = Release|Any CPU
	EndGlobalSection
	GlobalSection(ProjectConfigurationPlatforms) = postSolution
		{A28ED02D-72FE-4460-BAB9-BE5250F1013A}.Debug|Any CPU.ActiveCfg = Debug|Any CPU
		{A28ED02D-72FE-4460-BAB9-BE5250F1013A}.Debug|Any CPU.Build.0 = Debug|Any CPU
		{A28ED02D-72FE-4460-BAB9-BE5250F1013A}.Release|Any CPU.ActiveCfg = Release|Any CPU
		{A28ED02D-72FE-4460-BAB9-BE5250F1013A}.Release|Any CPU.Build.0 = Release|Any CPU
		{D1580650-66B0-4B3F-8050-9922D3E5F41B}.Debug|Any CPU.ActiveCfg = Debug|Any CPU
		{D1580650-66B0-4B3F-8050-9922D3E5F41B}.Debug|Any CPU.Build.0 = Debug|Any CPU
		{D1580650-66B0-4B3F-8050-9922D3E5F41B}.Release|Any CPU.ActiveCfg = Release|Any CPU
		{D1580650-66B0-4B3F-8050-9922D3E5F41B}.Release|Any CPU.Build.0 = Release|Any CPU
	EndGlobalSection
	GlobalSection(SolutionProperties) = preSolution
		HideSolutionNode = FALSE
	EndGlobalSection
	GlobalSection(ExtensibilityGlobals) = postSolution
		SolutionGuid = {ECE8EEE2-7B7C-4032-8310-92F3A07E3476}
	EndGlobalSection
EndGlobal
